{
  "version": 4,
  "terraform_version": "1.8.2",
  "serial": 1,
  "lineage": "82a911c8-40f0-8ccb-94aa-5b42bd7c9c3c",
  "outputs": {},
  "resources": [
    {
      "mode": "managed",
      "type": "aws_glue_catalog_database",
      "name": "example",
      "provider": "provider[\"registry.terraform.io/hashicorp/aws\"]",
      "instances": [
        {
          "schema_version": 0,
          "attributes": {
            "arn": "arn:aws:glue:us-east-1:204524745296:database/database_teste",
            "catalog_id": "204524745296",
            "create_table_default_permission": [
              {
                "permissions": [
                  "ALL"
                ],
                "principal": [
                  {
                    "data_lake_principal_identifier": "IAM_ALLOWED_PRINCIPALS"
                  }
                ]
              }
            ],
            "description": "",
            "federated_database": [],
            "id": "204524745296:database_teste",
            "location_uri": "",
            "name": "database_teste",
            "parameters": null,
            "tags": null,
            "tags_all": {},
            "target_database": []
          },
          "sensitive_attributes": [],
          "private": "bnVsbA=="
        }
      ]
    }
  ],
  "check_results": null
}
